
Microsoft Visual Studio Solution File, Format Version 12.00
# Visual Studio Version 16
VisualStudioVersion = 16.0.30011.22
MinimumVisualStudioVersion = 10.0.40219.1
Project("{9A19103F-16F7-4668-BE54-9A1E7A4F7556}") = "SCManager", "SCManager\SCManager.csproj", "{C90D961C-4AEA-4047-BB22-1EB177F190EB}"
EndProject
Project("{9A19103F-16F7-4668-BE54-9A1E7A4F7556}") = "SCManager.Data", "SCManager.Data\SCManager.Data.csproj", "{AB900888-9405-4FF5-BE56-8F74FD982933}"
EndProject
Project("{9A19103F-16F7-4668-BE54-9A1E7A4F7556}") = "SCManager.Services", "SCManager.Services\SCManager.Services.csproj", "{5A4C43FF-E26D-47B6-9089-0C02E866876D}"
EndProject
Project("{FAE04EC0-301F-11D3-BF4B-00C04F79EFBC}") = "SCManager.Tests", "SCManager.Tests\SCManager.Tests.csproj", "{38100332-8D52-4C53-96E4-4CF50533C3BF}"
EndProject
Global
	GlobalSection(SolutionConfigurationPlatforms) = preSolution
		Debug|Any CPU = Debug|Any CPU
		Release|Any CPU = Release|Any CPU
	EndGlobalSection
	GlobalSection(ProjectConfigurationPlatforms) = postSolution
		{C90D961C-4AEA-4047-BB22-1EB177F190EB}.Debug|Any CPU.ActiveCfg = Debug|Any CPU
		{C90D961C-4AEA-4047-BB22-1EB177F190EB}.Debug|Any CPU.Build.0 = Debug|Any CPU
		{C90D961C-4AEA-4047-BB22-1EB177F190EB}.Release|Any CPU.ActiveCfg = Release|Any CPU
		{C90D961C-4AEA-4047-BB22-1EB177F190EB}.Release|Any CPU.Build.0 = Release|Any CPU
		{AB900888-9405-4FF5-BE56-8F74FD982933}.Debug|Any CPU.ActiveCfg = Debug|Any CPU
		{AB900888-9405-4FF5-BE56-8F74FD982933}.Debug|Any CPU.Build.0 = Debug|Any CPU
		{AB900888-9405-4FF5-BE56-8F74FD982933}.Release|Any CPU.ActiveCfg = Release|Any CPU
		{AB900888-9405-4FF5-BE56-8F74FD982933}.Release|Any CPU.Build.0 = Release|Any CPU
		{5A4C43FF-E26D-47B6-9089-0C02E866876D}.Debug|Any CPU.ActiveCfg = Debug|Any CPU
		{5A4C43FF-E26D-47B6-9089-0C02E866876D}.Debug|Any CPU.Build.0 = Debug|Any CPU
		{5A4C43FF-E26D-47B6-9089-0C02E866876D}.Release|Any CPU.ActiveCfg = Release|Any CPU
		{5A4C43FF-E26D-47B6-9089-0C02E866876D}.Release|Any CPU.Build.0 = Release|Any CPU
		{38100332-8D52-4C53-96E4-4CF50533C3BF}.Debug|Any CPU.ActiveCfg = Debug|Any CPU
		{38100332-8D52-4C53-96E4-4CF50533C3BF}.Debug|Any CPU.Build.0 = Debug|Any CPU
		{38100332-8D52-4C53-96E4-4CF50533C3BF}.Release|Any CPU.ActiveCfg = Release|Any CPU
		{38100332-8D52-4C53-96E4-4CF50533C3BF}.Release|Any CPU.Build.0 = Release|Any CPU
	EndGlobalSection
	GlobalSection(SolutionProperties) = preSolution
		HideSolutionNode = FALSE
	EndGlobalSection
	GlobalSection(ExtensibilityGlobals) = postSolution
		SolutionGuid = {86AE7A66-B135-417F-AB5A-988D5D91D6E1}
	EndGlobalSection
EndGlobal
